
Microsoft Visual Studio Solution File, Format Version 12.00
# Visual Studio Version 17
VisualStudioVersion = 17.0.31903.59
MinimumVisualStudioVersion = 10.0.40219.1
Project("{FAE04EC0-301F-11D3-BF4B-00C04F79EFBC}") = "NinePSharp.Fog.Auth", "NinePSharp.Fog.Auth\NinePSharp.Fog.Auth.csproj", "{4748C4A3-C303-4F15-A3CC-685C2E4A78F7}"
EndProject
Project("{FAE04EC0-301F-11D3-BF4B-00C04F79EFBC}") = "NinePSharp.Fog.Auth.Tests", "NinePSharp.Fog.Auth.Tests\NinePSharp.Fog.Auth.Tests.csproj", "{450FE6A1-8C4C-4546-98E9-39F3C1224211}"
EndProject
Project("{FAE04EC0-301F-11D3-BF4B-00C04F79EFBC}") = "NinePSharp.Fog.Commands", "NinePSharp.Fog.Commands\NinePSharp.Fog.Commands.csproj", "{33E214D0-C261-4D46-8E52-756C5839AAE1}"
EndProject
Project("{FAE04EC0-301F-11D3-BF4B-00C04F79EFBC}") = "NinePSharp.Fog.Kernel", "NinePSharp.Fog.Kernel\NinePSharp.Fog.Kernel.csproj", "{BFD83BDB-2338-4EC1-A487-7587C99E1D45}"
EndProject
Project("{FAE04EC0-301F-11D3-BF4B-00C04F79EFBC}") = "NinePSharp.Fog.Fuzzer", "NinePSharp.Fog.Fuzzer\NinePSharp.Fog.Fuzzer.csproj", "{8D94536F-E8DA-4744-AF0C-6705F3BC7E46}"
EndProject
Project("{FAE04EC0-301F-11D3-BF4B-00C04F79EFBC}") = "NinePSharp.Fog", "NinePSharp.Fog\NinePSharp.Fog.csproj", "{75DAD856-96C4-4EFD-857A-65C6690B1F6B}"
EndProject
Project("{FAE04EC0-301F-11D3-BF4B-00C04F79EFBC}") = "NinePSharp.Fog.Server", "NinePSharp.Fog.Server\NinePSharp.Fog.Server.csproj", "{C6764924-BC9F-4A8D-9E6F-7A2291664178}"
EndProject
Project("{FAE04EC0-301F-11D3-BF4B-00C04F79EFBC}") = "NinePSharp.Fog.Kernel.Tests", "NinePSharp.Fog.Kernel.Tests\NinePSharp.Fog.Kernel.Tests.csproj", "{257BB12A-B8F4-4C05-9EFF-042DB830FEEA}"
EndProject
Project("{FAE04EC0-301F-11D3-BF4B-00C04F79EFBC}") = "NinePSharp.Fog.Namespaces", "NinePSharp.Fog.Namespaces\NinePSharp.Fog.Namespaces.csproj", "{DF13134A-801A-4616-94ED-D6000D321714}"
EndProject
Project("{FAE04EC0-301F-11D3-BF4B-00C04F79EFBC}") = "NinePSharp.Fog.Namespaces.Tests", "NinePSharp.Fog.Namespaces.Tests\NinePSharp.Fog.Namespaces.Tests.csproj", "{F4D19343-5EE4-46DA-91E3-F0DFA27B0D5E}"
EndProject
Project("{FAE04EC0-301F-11D3-BF4B-00C04F79EFBC}") = "NinePSharp.Fog.Rc", "NinePSharp.Fog.Rc\NinePSharp.Fog.Rc.csproj", "{ED0F3F8E-8F37-4EDE-B962-02C6538274B2}"
EndProject
Project("{FAE04EC0-301F-11D3-BF4B-00C04F79EFBC}") = "NinePSharp.Fog.Rc.Tests", "NinePSharp.Fog.Rc.Tests\NinePSharp.Fog.Rc.Tests.csproj", "{586C746A-F92A-4323-80D4-AC8D982A9BF4}"
EndProject
Project("{FAE04EC0-301F-11D3-BF4B-00C04F79EFBC}") = "NinePSharp.Fog.Server.Tests", "NinePSharp.Fog.Server.Tests\NinePSharp.Fog.Server.Tests.csproj", "{7D0228D8-B991-4108-B579-9E5FC468B22C}"
EndProject
Project("{FAE04EC0-301F-11D3-BF4B-00C04F79EFBC}") = "NinePSharp.Fog.Tests", "NinePSharp.Fog.Tests\NinePSharp.Fog.Tests.csproj", "{EF42A34E-CF9D-4893-98C2-A492E57E456B}"
EndProject
Project("{FAE04EC0-301F-11D3-BF4B-00C04F79EFBC}") = "NinePSharp.Fog.Coyote.Tests", "NinePSharp.Fog.Coyote.Tests\NinePSharp.Fog.Coyote.Tests.csproj", "{915F63BD-E5C5-48F9-B269-04748375B72F}"
EndProject
Global
	GlobalSection(SolutionConfigurationPlatforms) = preSolution
		Debug|Any CPU = Debug|Any CPU
		Debug|x64 = Debug|x64
		Debug|x86 = Debug|x86
		Release|Any CPU = Release|Any CPU
		Release|x64 = Release|x64
		Release|x86 = Release|x86
	EndGlobalSection
	GlobalSection(ProjectConfigurationPlatforms) = postSolution
		{4748C4A3-C303-4F15-A3CC-685C2E4A78F7}.Debug|Any CPU.ActiveCfg = Debug|Any CPU
		{4748C4A3-C303-4F15-A3CC-685C2E4A78F7}.Debug|Any CPU.Build.0 = Debug|Any CPU
		{4748C4A3-C303-4F15-A3CC-685C2E4A78F7}.Debug|x64.ActiveCfg = Debug|Any CPU
		{4748C4A3-C303-4F15-A3CC-685C2E4A78F7}.Debug|x64.Build.0 = Debug|Any CPU
		{4748C4A3-C303-4F15-A3CC-685C2E4A78F7}.Debug|x86.ActiveCfg = Debug|Any CPU
		{4748C4A3-C303-4F15-A3CC-685C2E4A78F7}.Debug|x86.Build.0 = Debug|Any CPU
		{4748C4A3-C303-4F15-A3CC-685C2E4A78F7}.Release|Any CPU.ActiveCfg = Release|Any CPU
		{4748C4A3-C303-4F15-A3CC-685C2E4A78F7}.Release|Any CPU.Build.0 = Release|Any CPU
		{4748C4A3-C303-4F15-A3CC-685C2E4A78F7}.Release|x64.ActiveCfg = Release|Any CPU
		{4748C4A3-C303-4F15-A3CC-685C2E4A78F7}.Release|x64.Build.0 = Release|Any CPU
		{4748C4A3-C303-4F15-A3CC-685C2E4A78F7}.Release|x86.ActiveCfg = Release|Any CPU
		{4748C4A3-C303-4F15-A3CC-685C2E4A78F7}.Release|x86.Build.0 = Release|Any CPU
		{450FE6A1-8C4C-4546-98E9-39F3C1224211}.Debug|Any CPU.ActiveCfg = Debug|Any CPU
		{450FE6A1-8C4C-4546-98E9-39F3C1224211}.Debug|Any CPU.Build.0 = Debug|Any CPU
		{450FE6A1-8C4C-4546-98E9-39F3C1224211}.Debug|x64.ActiveCfg = Debug|Any CPU
		{450FE6A1-8C4C-4546-98E9-39F3C1224211}.Debug|x64.Build.0 = Debug|Any CPU
		{450FE6A1-8C4C-4546-98E9-39F3C1224211}.Debug|x86.ActiveCfg = Debug|Any CPU
		{450FE6A1-8C4C-4546-98E9-39F3C1224211}.Debug|x86.Build.0 = Debug|Any CPU
		{450FE6A1-8C4C-4546-98E9-39F3C1224211}.Release|Any CPU.ActiveCfg = Release|Any CPU
		{450FE6A1-8C4C-4546-98E9-39F3C1224211}.Release|Any CPU.Build.0 = Release|Any CPU
		{450FE6A1-8C4C-4546-98E9-39F3C1224211}.Release|x64.ActiveCfg = Release|Any CPU
		{450FE6A1-8C4C-4546-98E9-39F3C1224211}.Release|x64.Build.0 = Release|Any CPU
		{450FE6A1-8C4C-4546-98E9-39F3C1224211}.Release|x86.ActiveCfg = Release|Any CPU
		{450FE6A1-8C4C-4546-98E9-39F3C1224211}.Release|x86.Build.0 = Release|Any CPU
		{33E214D0-C261-4D46-8E52-756C5839AAE1}.Debug|Any CPU.ActiveCfg = Debug|Any CPU
		{33E214D0-C261-4D46-8E52-756C5839AAE1}.Debug|Any CPU.Build.0 = Debug|Any CPU
		{33E214D0-C261-4D46-8E52-756C5839AAE1}.Debug|x64.ActiveCfg = Debug|Any CPU
		{33E214D0-C261-4D46-8E52-756C5839AAE1}.Debug|x64.Build.0 = Debug|Any CPU
		{33E214D0-C261-4D46-8E52-756C5839AAE1}.Debug|x86.ActiveCfg = Debug|Any CPU
		{33E214D0-C261-4D46-8E52-756C5839AAE1}.Debug|x86.Build.0 = Debug|Any CPU
		{33E214D0-C261-4D46-8E52-756C5839AAE1}.Release|Any CPU.ActiveCfg = Release|Any CPU
		{33E214D0-C261-4D46-8E52-756C5839AAE1}.Release|Any CPU.Build.0 = Release|Any CPU
		{33E214D0-C261-4D46-8E52-756C5839AAE1}.Release|x64.ActiveCfg = Release|Any CPU
		{33E214D0-C261-4D46-8E52-756C5839AAE1}.Release|x64.Build.0 = Release|Any CPU
		{33E214D0-C261-4D46-8E52-756C5839AAE1}.Release|x86.ActiveCfg = Release|Any CPU
		{33E214D0-C261-4D46-8E52-756C5839AAE1}.Release|x86.Build.0 = Release|Any CPU
		{BFD83BDB-2338-4EC1-A487-7587C99E1D45}.Debug|Any CPU.ActiveCfg = Debug|Any CPU
		{BFD83BDB-2338-4EC1-A487-7587C99E1D45}.Debug|Any CPU.Build.0 = Debug|Any CPU
		{BFD83BDB-2338-4EC1-A487-7587C99E1D45}.Debug|x64.ActiveCfg = Debug|Any CPU
		{BFD83BDB-2338-4EC1-A487-7587C99E1D45}.Debug|x64.Build.0 = Debug|Any CPU
		{BFD83BDB-2338-4EC1-A487-7587C99E1D45}.Debug|x86.ActiveCfg = Debug|Any CPU
		{BFD83BDB-2338-4EC1-A487-7587C99E1D45}.Debug|x86.Build.0 = Debug|Any CPU
		{BFD83BDB-2338-4EC1-A487-7587C99E1D45}.Release|Any CPU.ActiveCfg = Release|Any CPU
		{BFD83BDB-2338-4EC1-A487-7587C99E1D45}.Release|Any CPU.Build.0 = Release|Any CPU
		{BFD83BDB-2338-4EC1-A487-7587C99E1D45}.Release|x64.ActiveCfg = Release|Any CPU
		{BFD83BDB-2338-4EC1-A487-7587C99E1D45}.Release|x64.Build.0 = Release|Any CPU
		{BFD83BDB-2338-4EC1-A487-7587C99E1D45}.Release|x86.ActiveCfg = Release|Any CPU
		{BFD83BDB-2338-4EC1-A487-7587C99E1D45}.Release|x86.Build.0 = Release|Any CPU
		{8D94536F-E8DA-4744-AF0C-6705F3BC7E46}.Debug|Any CPU.ActiveCfg = Debug|Any CPU
		{8D94536F-E8DA-4744-AF0C-6705F3BC7E46}.Debug|Any CPU.Build.0 = Debug|Any CPU
		{8D94536F-E8DA-4744-AF0C-6705F3BC7E46}.Debug|x64.ActiveCfg = Debug|Any CPU
		{8D94536F-E8DA-4744-AF0C-6705F3BC7E46}.Debug|x64.Build.0 = Debug|Any CPU
		{8D94536F-E8DA-4744-AF0C-6705F3BC7E46}.Debug|x86.ActiveCfg = Debug|Any CPU
		{8D94536F-E8DA-4744-AF0C-6705F3BC7E46}.Debug|x86.Build.0 = Debug|Any CPU
		{8D94536F-E8DA-4744-AF0C-6705F3BC7E46}.Release|Any CPU.ActiveCfg = Release|Any CPU
		{8D94536F-E8DA-4744-AF0C-6705F3BC7E46}.Release|Any CPU.Build.0 = Release|Any CPU
		{8D94536F-E8DA-4744-AF0C-6705F3BC7E46}.Release|x64.ActiveCfg = Release|Any CPU
		{8D94536F-E8DA-4744-AF0C-6705F3BC7E46}.Release|x64.Build.0 = Release|Any CPU
		{8D94536F-E8DA-4744-AF0C-6705F3BC7E46}.Release|x86.ActiveCfg = Release|Any CPU
		{8D94536F-E8DA-4744-AF0C-6705F3BC7E46}.Release|x86.Build.0 = Release|Any CPU
		{75DAD856-96C4-4EFD-857A-65C6690B1F6B}.Debug|Any CPU.ActiveCfg = Debug|Any CPU
		{75DAD856-96C4-4EFD-857A-65C6690B1F6B}.Debug|Any CPU.Build.0 = Debug|Any CPU
		{75DAD856-96C4-4EFD-857A-65C6690B1F6B}.Debug|x64.ActiveCfg = Debug|Any CPU
		{75DAD856-96C4-4EFD-857A-65C6690B1F6B}.Debug|x64.Build.0 = Debug|Any CPU
		{75DAD856-96C4-4EFD-857A-65C6690B1F6B}.Debug|x86.ActiveCfg = Debug|Any CPU
		{75DAD856-96C4-4EFD-857A-65C6690B1F6B}.Debug|x86.Build.0 = Debug|Any CPU
		{75DAD856-96C4-4EFD-857A-65C6690B1F6B}.Release|Any CPU.ActiveCfg = Release|Any CPU
		{75DAD856-96C4-4EFD-857A-65C6690B1F6B}.Release|Any CPU.Build.0 = Release|Any CPU
		{75DAD856-96C4-4EFD-857A-65C6690B1F6B}.Release|x64.ActiveCfg = Release|Any CPU
		{75DAD856-96C4-4EFD-857A-65C6690B1F6B}.Release|x64.Build.0 = Release|Any CPU
		{75DAD856-96C4-4EFD-857A-65C6690B1F6B}.Release|x86.ActiveCfg = Release|Any CPU
		{75DAD856-96C4-4EFD-857A-65C6690B1F6B}.Release|x86.Build.0 = Release|Any CPU
		{C6764924-BC9F-4A8D-9E6F-7A2291664178}.Debug|Any CPU.ActiveCfg = Debug|Any CPU
		{C6764924-BC9F-4A8D-9E6F-7A2291664178}.Debug|Any CPU.Build.0 = Debug|Any CPU
		{C6764924-BC9F-4A8D-9E6F-7A2291664178}.Debug|x64.ActiveCfg = Debug|Any CPU
		{C6764924-BC9F-4A8D-9E6F-7A2291664178}.Debug|x64.Build.0 = Debug|Any CPU
		{C6764924-BC9F-4A8D-9E6F-7A2291664178}.Debug|x86.ActiveCfg = Debug|Any CPU
		{C6764924-BC9F-4A8D-9E6F-7A2291664178}.Debug|x86.Build.0 = Debug|Any CPU
		{C6764924-BC9F-4A8D-9E6F-7A2291664178}.Release|Any CPU.ActiveCfg = Release|Any CPU
		{C6764924-BC9F-4A8D-9E6F-7A2291664178}.Release|Any CPU.Build.0 = Release|Any CPU
		{C6764924-BC9F-4A8D-9E6F-7A2291664178}.Release|x64.ActiveCfg = Release|Any CPU
		{C6764924-BC9F-4A8D-9E6F-7A2291664178}.Release|x64.Build.0 = Release|Any CPU
		{C6764924-BC9F-4A8D-9E6F-7A2291664178}.Release|x86.ActiveCfg = Release|Any CPU
		{C6764924-BC9F-4A8D-9E6F-7A2291664178}.Release|x86.Build.0 = Release|Any CPU
		{257BB12A-B8F4-4C05-9EFF-042DB830FEEA}.Debug|Any CPU.ActiveCfg = Debug|Any CPU
		{257BB12A-B8F4-4C05-9EFF-042DB830FEEA}.Debug|Any CPU.Build.0 = Debug|Any CPU
		{257BB12A-B8F4-4C05-9EFF-042DB830FEEA}.Debug|x64.ActiveCfg = Debug|Any CPU
		{257BB12A-B8F4-4C05-9EFF-042DB830FEEA}.Debug|x64.Build.0 = Debug|Any CPU
		{257BB12A-B8F4-4C05-9EFF-042DB830FEEA}.Debug|x86.ActiveCfg = Debug|Any CPU
		{257BB12A-B8F4-4C05-9EFF-042DB830FEEA}.Debug|x86.Build.0 = Debug|Any CPU
		{257BB12A-B8F4-4C05-9EFF-042DB830FEEA}.Release|Any CPU.ActiveCfg = Release|Any CPU
		{257BB12A-B8F4-4C05-9EFF-042DB830FEEA}.Release|Any CPU.Build.0 = Release|Any CPU
		{257BB12A-B8F4-4C05-9EFF-042DB830FEEA}.Release|x64.ActiveCfg = Release|Any CPU
		{257BB12A-B8F4-4C05-9EFF-042DB830FEEA}.Release|x64.Build.0 = Release|Any CPU
		{257BB12A-B8F4-4C05-9EFF-042DB830FEEA}.Release|x86.ActiveCfg = Release|Any CPU
		{257BB12A-B8F4-4C05-9EFF-042DB830FEEA}.Release|x86.Build.0 = Release|Any CPU
		{DF13134A-801A-4616-94ED-D6000D321714}.Debug|Any CPU.ActiveCfg = Debug|Any CPU
		{DF13134A-801A-4616-94ED-D6000D321714}.Debug|Any CPU.Build.0 = Debug|Any CPU
		{DF13134A-801A-4616-94ED-D6000D321714}.Debug|x64.ActiveCfg = Debug|Any CPU
		{DF13134A-801A-4616-94ED-D6000D321714}.Debug|x64.Build.0 = Debug|Any CPU
		{DF13134A-801A-4616-94ED-D6000D321714}.Debug|x86.ActiveCfg = Debug|Any CPU
		{DF13134A-801A-4616-94ED-D6000D321714}.Debug|x86.Build.0 = Debug|Any CPU
		{DF13134A-801A-4616-94ED-D6000D321714}.Release|Any CPU.ActiveCfg = Release|Any CPU
		{DF13134A-801A-4616-94ED-D6000D321714}.Release|Any CPU.Build.0 = Release|Any CPU
		{DF13134A-801A-4616-94ED-D6000D321714}.Release|x64.ActiveCfg = Release|Any CPU
		{DF13134A-801A-4616-94ED-D6000D321714}.Release|x64.Build.0 = Release|Any CPU
		{DF13134A-801A-4616-94ED-D6000D321714}.Release|x86.ActiveCfg = Release|Any CPU
		{DF13134A-801A-4616-94ED-D6000D321714}.Release|x86.Build.0 = Release|Any CPU
		{F4D19343-5EE4-46DA-91E3-F0DFA27B0D5E}.Debug|Any CPU.ActiveCfg = Debug|Any CPU
		{F4D19343-5EE4-46DA-91E3-F0DFA27B0D5E}.Debug|Any CPU.Build.0 = Debug|Any CPU
		{F4D19343-5EE4-46DA-91E3-F0DFA27B0D5E}.Debug|x64.ActiveCfg = Debug|Any CPU
		{F4D19343-5EE4-46DA-91E3-F0DFA27B0D5E}.Debug|x64.Build.0 = Debug|Any CPU
		{F4D19343-5EE4-46DA-91E3-F0DFA27B0D5E}.Debug|x86.ActiveCfg = Debug|Any CPU
		{F4D19343-5EE4-46DA-91E3-F0DFA27B0D5E}.Debug|x86.Build.0 = Debug|Any CPU
		{F4D19343-5EE4-46DA-91E3-F0DFA27B0D5E}.Release|Any CPU.ActiveCfg = Release|Any CPU
		{F4D19343-5EE4-46DA-91E3-F0DFA27B0D5E}.Release|Any CPU.Build.0 = Release|Any CPU
		{F4D19343-5EE4-46DA-91E3-F0DFA27B0D5E}.Release|x64.ActiveCfg = Release|Any CPU
		{F4D19343-5EE4-46DA-91E3-F0DFA27B0D5E}.Release|x64.Build.0 = Release|Any CPU
		{F4D19343-5EE4-46DA-91E3-F0DFA27B0D5E}.Release|x86.ActiveCfg = Release|Any CPU
		{F4D19343-5EE4-46DA-91E3-F0DFA27B0D5E}.Release|x86.Build.0 = Release|Any CPU
		{ED0F3F8E-8F37-4EDE-B962-02C6538274B2}.Debug|Any CPU.ActiveCfg = Debug|Any CPU
		{ED0F3F8E-8F37-4EDE-B962-02C6538274B2}.Debug|Any CPU.Build.0 = Debug|Any CPU
		{ED0F3F8E-8F37-4EDE-B962-02C6538274B2}.Debug|x64.ActiveCfg = Debug|Any CPU
		{ED0F3F8E-8F37-4EDE-B962-02C6538274B2}.Debug|x64.Build.0 = Debug|Any CPU
		{ED0F3F8E-8F37-4EDE-B962-02C6538274B2}.Debug|x86.ActiveCfg = Debug|Any CPU
		{ED0F3F8E-8F37-4EDE-B962-02C6538274B2}.Debug|x86.Build.0 = Debug|Any CPU
		{ED0F3F8E-8F37-4EDE-B962-02C6538274B2}.Release|Any CPU.ActiveCfg = Release|Any CPU
		{ED0F3F8E-8F37-4EDE-B962-02C6538274B2}.Release|Any CPU.Build.0 = Release|Any CPU
		{ED0F3F8E-8F37-4EDE-B962-02C6538274B2}.Release|x64.ActiveCfg = Release|Any CPU
		{ED0F3F8E-8F37-4EDE-B962-02C6538274B2}.Release|x64.Build.0 = Release|Any CPU
		{ED0F3F8E-8F37-4EDE-B962-02C6538274B2}.Release|x86.ActiveCfg = Release|Any CPU
		{ED0F3F8E-8F37-4EDE-B962-02C6538274B2}.Release|x86.Build.0 = Release|Any CPU
		{586C746A-F92A-4323-80D4-AC8D982A9BF4}.Debug|Any CPU.ActiveCfg = Debug|Any CPU
		{586C746A-F92A-4323-80D4-AC8D982A9BF4}.Debug|Any CPU.Build.0 = Debug|Any CPU
		{586C746A-F92A-4323-80D4-AC8D982A9BF4}.Debug|x64.ActiveCfg = Debug|Any CPU
		{586C746A-F92A-4323-80D4-AC8D982A9BF4}.Debug|x64.Build.0 = Debug|Any CPU
		{586C746A-F92A-4323-80D4-AC8D982A9BF4}.Debug|x86.ActiveCfg = Debug|Any CPU
		{586C746A-F92A-4323-80D4-AC8D982A9BF4}.Debug|x86.Build.0 = Debug|Any CPU
		{586C746A-F92A-4323-80D4-AC8D982A9BF4}.Release|Any CPU.ActiveCfg = Release|Any CPU
		{586C746A-F92A-4323-80D4-AC8D982A9BF4}.Release|Any CPU.Build.0 = Release|Any CPU
		{586C746A-F92A-4323-80D4-AC8D982A9BF4}.Release|x64.ActiveCfg = Release|Any CPU
		{586C746A-F92A-4323-80D4-AC8D982A9BF4}.Release|x64.Build.0 = Release|Any CPU
		{586C746A-F92A-4323-80D4-AC8D982A9BF4}.Release|x86.ActiveCfg = Release|Any CPU
		{586C746A-F92A-4323-80D4-AC8D982A9BF4}.Release|x86.Build.0 = Release|Any CPU
		{7D0228D8-B991-4108-B579-9E5FC468B22C}.Debug|Any CPU.ActiveCfg = Debug|Any CPU
		{7D0228D8-B991-4108-B579-9E5FC468B22C}.Debug|Any CPU.Build.0 = Debug|Any CPU
		{7D0228D8-B991-4108-B579-9E5FC468B22C}.Debug|x64.ActiveCfg = Debug|Any CPU
		{7D0228D8-B991-4108-B579-9E5FC468B22C}.Debug|x64.Build.0 = Debug|Any CPU
		{7D0228D8-B991-4108-B579-9E5FC468B22C}.Debug|x86.ActiveCfg = Debug|Any CPU
		{7D0228D8-B991-4108-B579-9E5FC468B22C}.Debug|x86.Build.0 = Debug|Any CPU
		{7D0228D8-B991-4108-B579-9E5FC468B22C}.Release|Any CPU.ActiveCfg = Release|Any CPU
		{7D0228D8-B991-4108-B579-9E5FC468B22C}.Release|Any CPU.Build.0 = Release|Any CPU
		{7D0228D8-B991-4108-B579-9E5FC468B22C}.Release|x64.ActiveCfg = Release|Any CPU
		{7D0228D8-B991-4108-B579-9E5FC468B22C}.Release|x64.Build.0 = Release|Any CPU
		{7D0228D8-B991-4108-B579-9E5FC468B22C}.Release|x86.ActiveCfg = Release|Any CPU
		{7D0228D8-B991-4108-B579-9E5FC468B22C}.Release|x86.Build.0 = Release|Any CPU
		{EF42A34E-CF9D-4893-98C2-A492E57E456B}.Debug|Any CPU.ActiveCfg = Debug|Any CPU
		{EF42A34E-CF9D-4893-98C2-A492E57E456B}.Debug|Any CPU.Build.0 = Debug|Any CPU
		{EF42A34E-CF9D-4893-98C2-A492E57E456B}.Debug|x64.ActiveCfg = Debug|Any CPU
		{EF42A34E-CF9D-4893-98C2-A492E57E456B}.Debug|x64.Build.0 = Debug|Any CPU
		{EF42A34E-CF9D-4893-98C2-A492E57E456B}.Debug|x86.ActiveCfg = Debug|Any CPU
		{EF42A34E-CF9D-4893-98C2-A492E57E456B}.Debug|x86.Build.0 = Debug|Any CPU
		{EF42A34E-CF9D-4893-98C2-A492E57E456B}.Release|Any CPU.ActiveCfg = Release|Any CPU
		{EF42A34E-CF9D-4893-98C2-A492E57E456B}.Release|Any CPU.Build.0 = Release|Any CPU
		{EF42A34E-CF9D-4893-98C2-A492E57E456B}.Release|x64.ActiveCfg = Release|Any CPU
		{EF42A34E-CF9D-4893-98C2-A492E57E456B}.Release|x64.Build.0 = Release|Any CPU
		{EF42A34E-CF9D-4893-98C2-A492E57E456B}.Release|x86.ActiveCfg = Release|Any CPU
		{EF42A34E-CF9D-4893-98C2-A492E57E456B}.Release|x86.Build.0 = Release|Any CPU
		{915F63BD-E5C5-48F9-B269-04748375B72F}.Debug|Any CPU.ActiveCfg = Debug|Any CPU
		{915F63BD-E5C5-48F9-B269-04748375B72F}.Debug|Any CPU.Build.0 = Debug|Any CPU
		{915F63BD-E5C5-48F9-B269-04748375B72F}.Debug|x64.ActiveCfg = Debug|Any CPU
		{915F63BD-E5C5-48F9-B269-04748375B72F}.Debug|x64.Build.0 = Debug|Any CPU
		{915F63BD-E5C5-48F9-B269-04748375B72F}.Debug|x86.ActiveCfg = Debug|Any CPU
		{915F63BD-E5C5-48F9-B269-04748375B72F}.Debug|x86.Build.0 = Debug|Any CPU
		{915F63BD-E5C5-48F9-B269-04748375B72F}.Release|Any CPU.ActiveCfg = Release|Any CPU
		{915F63BD-E5C5-48F9-B269-04748375B72F}.Release|Any CPU.Build.0 = Release|Any CPU
		{915F63BD-E5C5-48F9-B269-04748375B72F}.Release|x64.ActiveCfg = Release|Any CPU
		{915F63BD-E5C5-48F9-B269-04748375B72F}.Release|x64.Build.0 = Release|Any CPU
		{915F63BD-E5C5-48F9-B269-04748375B72F}.Release|x86.ActiveCfg = Release|Any CPU
		{915F63BD-E5C5-48F9-B269-04748375B72F}.Release|x86.Build.0 = Release|Any CPU
	EndGlobalSection
	GlobalSection(SolutionProperties) = preSolution
		HideSolutionNode = FALSE
	EndGlobalSection
EndGlobal
